
Microsoft Visual Studio Solution File, Format Version 12.00
# Visual Studio Version 16
Project("{FAE04EC0-301F-11D3-BF4B-00C04F79EFBC}") = "Rescaler", "Rescaler\Rescaler.csproj", "{38A1D08B-12A1-45C1-AE2C-696899FC09C5}"
EndProject
Global
	GlobalSection(SolutionConfigurationPlatforms) = preSolution
		Debug|Any CPU = Debug|Any CPU
		Release|Any CPU = Release|Any CPU
	EndGlobalSection
	GlobalSection(ProjectConfigurationPlatforms) = postSolution
		{38A1D08B-12A1-45C1-AE2C-696899FC09C5}.Debug|Any CPU.ActiveCfg = Debug|Any CPU
		{38A1D08B-12A1-45C1-AE2C-696899FC09C5}.Debug|Any CPU.Build.0 = Debug|Any CPU
		{38A1D08B-12A1-45C1-AE2C-696899FC09C5}.Release|Any CPU.ActiveCfg = Release|Any CPU
		{38A1D08B-12A1-45C1-AE2C-696899FC09C5}.Release|Any CPU.Build.0 = Release|Any CPU
	EndGlobalSection
	GlobalSection(SolutionProperties) = preSolution
		HideSolutionNode = FALSE
	EndGlobalSection
	GlobalSection(ExtensibilityGlobals) = postSolution
		SolutionGuid = {CC03F2DF-2AD5-4BB1-94DA-21D701E95046}
	EndGlobalSection
EndGlobal
